
Microsoft Visual Studio Solution File, Format Version 12.00
# Visual Studio 15
VisualStudioVersion = 15.0.28010.2041
MinimumVisualStudioVersion = 10.0.40219.1
Project("{888888A0-9F3D-457C-B088-3A5042F75D52}") = "ibmq", "ibmq.pyproj", "{A5B15DA2-D8C3-43D9-95BB-C615385D4AA3}"
EndProject
Global
	GlobalSection(SolutionConfigurationPlatforms) = preSolution
		Debug|Any CPU = Debug|Any CPU
		Release|Any CPU = Release|Any CPU
	EndGlobalSection
	GlobalSection(ProjectConfigurationPlatforms) = postSolution
		{A5B15DA2-D8C3-43D9-95BB-C615385D4AA3}.Debug|Any CPU.ActiveCfg = Debug|Any CPU
		{A5B15DA2-D8C3-43D9-95BB-C615385D4AA3}.Release|Any CPU.ActiveCfg = Release|Any CPU
	EndGlobalSection
	GlobalSection(SolutionProperties) = preSolution
		HideSolutionNode = FALSE
	EndGlobalSection
	GlobalSection(ExtensibilityGlobals) = postSolution
		SolutionGuid = {5F9D9285-44B3-4961-9DC2-7DBA439D76AE}
	EndGlobalSection
EndGlobal
